{
    "_readme": [
        "This file locks the dependencies of your project to a known state",
        "Read more about it at https://getcomposer.org/doc/01-basic-usage.md#installing-dependencies",
        "This file is @generated automatically"
    ],
    "content-hash": "b25ba78860bdd4e43367e2f16b55ed1e",
    "packages": [
        {
            "name": "godruoyi/php-snowflake",
            "version": "2.1.0",
            "source": {
                "type": "git",
                "url": "https://github.com/godruoyi/php-snowflake.git",
                "reference": "e1e8450029597b639648e1704c36717353c93060"
            },
            "dist": {
                "type": "zip",
                "url": "https://api.github.com/repos/godruoyi/php-snowflake/zipball/e1e8450029597b639648e1704c36717353c93060",
                "reference": "e1e8450029597b639648e1704c36717353c93060",
                "shasum": ""
            },
            "require-dev": {
                "phpunit/phpunit": "~7|^8|^9"
            },
            "type": "library",
            "autoload": {
                "psr-4": {
                    "Godruoyi\\Snowflake\\": "src"
                }
            },
            "notification-url": "https://packagist.org/downloads/",
            "license": [
                "MIT"
            ],
            "authors": [
                {
                    "name": "Godruoyi",
                    "email": "g@godruoyi.com"
                }
            ],
            "description": "An ID Generator for PHP based on Snowflake Algorithm (Twitter announced).",
            "homepage": "https://github.com/godruoyi/php-snowflake",
            "keywords": [
                "Unique ID",
                "laravel snowflake",
                "order id",
                "php snowflake",
                "php unique id",
                "snowflake algorithm",
                "unique order id"
            ],
            "support": {
                "issues": "https://github.com/godruoyi/php-snowflake/issues",
                "source": "https://github.com/godruoyi/php-snowflake/tree/2.1.0"
            },
            "funding": [
                {
                    "url": "https://images.godruoyi.com/wechat.png",
                    "type": "custom"
                }
            ],
            "time": "2022-09-26T03:46:30+00:00"
        },
        {
            "name": "thefunpower/sony_flake_id",
            "version": "dev-main",
            "source": {
                "type": "git",
                "url": "https://github.com/thefunpower/sony_flake_id.git",
                "reference": "3d99a34e70eae4d58ba06e7900fd6b8c754f8585"
            },
            "dist": {
                "type": "zip",
                "url": "https://api.github.com/repos/thefunpower/sony_flake_id/zipball/3d99a34e70eae4d58ba06e7900fd6b8c754f8585",
                "reference": "3d99a34e70eae4d58ba06e7900fd6b8c754f8585",
                "shasum": ""
            },
            "require": {
                "godruoyi/php-snowflake": "^2.1",
                "php": ">=7.1"
            },
            "default-branch": true,
            "type": "library",
            "autoload": {
                "psr-4": {
                    "thefunpower\\sonyflake\\": "./sonyflake/"
                }
            },
            "notification-url": "https://packagist.org/downloads/",
            "license": [
                "MIT"
            ],
            "authors": [
                {
                    "name": "ken.sun",
                    "email": "kungfutime@foxmail.com"
                }
            ],
            "description": "sony_flake_id",
            "keywords": [
                "php"
            ],
            "support": {
                "issues": "https://github.com/thefunpower/sony_flake_id/issues",
                "source": "https://github.com/thefunpower/sony_flake_id/tree/main"
            },
            "time": "2022-10-27T10:17:05+00:00"
        }
    ],
    "packages-dev": [],
    "aliases": [],
    "minimum-stability": "stable",
    "stability-flags": {
        "thefunpower/sony_flake_id": 20
    },
    "prefer-stable": false,
    "prefer-lowest": false,
    "platform": [],
    "platform-dev": [],
    "plugin-api-version": "2.1.0"
}
